PODS:
  - Dip (7.0.0)

DEPENDENCIES:
  - Dip (from `https://github.com/AliSoftware/Dip.git`, branch `master`)

EXTERNAL SOURCES:
  Dip:
    :branch: master
    :git: https://github.com/AliSoftware/Dip.git

CHECKOUT OPTIONS:
  Dip:
    :commit: 54e1db22326227eea9c005a1b3a7de91805feba2
    :git: https://github.com/AliSoftware/Dip.git

SPEC CHECKSUMS:
  Dip: 996ce76ec9170ca3c260683d2815596dd2bf99c6

PODFILE CHECKSUM: ca1e12b28ddcd6cc53b860959d54efc9591a0d40

COCOAPODS: 1.5.0
